
Microsoft Visual Studio Solution File, Format Version 12.00
# Visual Studio Version 16
VisualStudioVersion = 16.0.29418.71
MinimumVisualStudioVersion = 10.0.40219.1
Project("{FAE04EC0-301F-11D3-BF4B-00C04F79EFBC}") = "Lab5", "Lab5\Lab5.csproj", "{238BF5AD-2499-4C6E-8025-BD1B4122AEF9}"
EndProject
Global
	GlobalSection(SolutionConfigurationPlatforms) = preSolution
		Debug|Any CPU = Debug|Any CPU
		Release|Any CPU = Release|Any CPU
	EndGlobalSection
	GlobalSection(ProjectConfigurationPlatforms) = postSolution
		{238BF5AD-2499-4C6E-8025-BD1B4122AEF9}.Debug|Any CPU.ActiveCfg = Debug|Any CPU
		{238BF5AD-2499-4C6E-8025-BD1B4122AEF9}.Debug|Any CPU.Build.0 = Debug|Any CPU
		{238BF5AD-2499-4C6E-8025-BD1B4122AEF9}.Release|Any CPU.ActiveCfg = Release|Any CPU
		{238BF5AD-2499-4C6E-8025-BD1B4122AEF9}.Release|Any CPU.Build.0 = Release|Any CPU
	EndGlobalSection
	GlobalSection(SolutionProperties) = preSolution
		HideSolutionNode = FALSE
	EndGlobalSection
	GlobalSection(ExtensibilityGlobals) = postSolution
		SolutionGuid = {36806EB7-CEF5-4E1A-8CCB-56BBC7138013}
	EndGlobalSection
EndGlobal
